
Microsoft Visual Studio Solution File, Format Version 12.00
# Visual Studio Version 17
VisualStudioVersion = 17.3.32825.248
MinimumVisualStudioVersion = 10.0.40219.1
Project("{9A19103F-16F7-4668-BE54-9A1E7A4F7556}") = "WebApplication_Swagger", "WebApplication_Test\WebApplication_Swagger.csproj", "{6780EA61-DF08-473A-B18F-A9F5DC06B5CF}"
EndProject
Global
	GlobalSection(SolutionConfigurationPlatforms) = preSolution
		Debug|Any CPU = Debug|Any CPU
		Release|Any CPU = Release|Any CPU
	EndGlobalSection
	GlobalSection(ProjectConfigurationPlatforms) = postSolution
		{6780EA61-DF08-473A-B18F-A9F5DC06B5CF}.Debug|Any CPU.ActiveCfg = Debug|Any CPU
		{6780EA61-DF08-473A-B18F-A9F5DC06B5CF}.Debug|Any CPU.Build.0 = Debug|Any CPU
		{6780EA61-DF08-473A-B18F-A9F5DC06B5CF}.Release|Any CPU.ActiveCfg = Release|Any CPU
		{6780EA61-DF08-473A-B18F-A9F5DC06B5CF}.Release|Any CPU.Build.0 = Release|Any CPU
	EndGlobalSection
	GlobalSection(SolutionProperties) = preSolution
		HideSolutionNode = FALSE
	EndGlobalSection
	GlobalSection(ExtensibilityGlobals) = postSolution
		SolutionGuid = {8C566EE0-9D89-49C1-8FBC-520E6062F7B1}
	EndGlobalSection
EndGlobal
